
Microsoft Visual Studio Solution File, Format Version 12.00
# Visual Studio Version 17
VisualStudioVersion = 17.11.35303.130
MinimumVisualStudioVersion = 10.0.40219.1
Project("{FAE04EC0-301F-11D3-BF4B-00C04F79EFBC}") = "Lab2", "Lab2\Lab2.csproj", "{E5445E14-C55A-4680-8C58-0C2490D99BCA}"
EndProject
Global
	GlobalSection(SolutionConfigurationPlatforms) = preSolution
		Debug|Any CPU = Debug|Any CPU
		Release|Any CPU = Release|Any CPU
	EndGlobalSection
	GlobalSection(ProjectConfigurationPlatforms) = postSolution
		{E5445E14-C55A-4680-8C58-0C2490D99BCA}.Debug|Any CPU.ActiveCfg = Debug|Any CPU
		{E5445E14-C55A-4680-8C58-0C2490D99BCA}.Debug|Any CPU.Build.0 = Debug|Any CPU
		{E5445E14-C55A-4680-8C58-0C2490D99BCA}.Release|Any CPU.ActiveCfg = Release|Any CPU
		{E5445E14-C55A-4680-8C58-0C2490D99BCA}.Release|Any CPU.Build.0 = Release|Any CPU
	EndGlobalSection
	GlobalSection(SolutionProperties) = preSolution
		HideSolutionNode = FALSE
	EndGlobalSection
	GlobalSection(ExtensibilityGlobals) = postSolution
		SolutionGuid = {2067AB2E-E73D-4F86-861B-4D612BB5E36F}
	EndGlobalSection
EndGlobal
